{
    "name": "WuJianAR",
    "version": "1.0.0",
    "lockfileVersion": 2,
    "requires": true,
    "packages": {
        "": {
            "name": "WuJianAR",
            "version": "1.0.0",
            "license": "ISC",
            "devDependencies": {
                "miniprogram-api-typings": "^3.2.0"
            }
        },
        "node_modules/miniprogram-api-typings": {
            "version": "3.2.0",
            "resolved": "https://registry.npm.taobao.org/miniprogram-api-typings/download/miniprogram-api-typings-3.2.0.tgz?cache=0&sync_timestamp=1605276527615&other_urls=https%3A%2F%2Fregistry.npm.taobao.org%2Fminiprogram-api-typings%2Fdownload%2Fminiprogram-api-typings-3.2.0.tgz",
            "integrity": "sha1-W6EiU5MWfiQgOeQTHDQ7WmiK6oA=",
            "dev": true
        }
    },
    "dependencies": {
        "miniprogram-api-typings": {
            "version": "3.2.0",
            "resolved": "https://registry.npm.taobao.org/miniprogram-api-typings/download/miniprogram-api-typings-3.2.0.tgz?cache=0&sync_timestamp=1605276527615&other_urls=https%3A%2F%2Fregistry.npm.taobao.org%2Fminiprogram-api-typings%2Fdownload%2Fminiprogram-api-typings-3.2.0.tgz",
            "integrity": "sha1-W6EiU5MWfiQgOeQTHDQ7WmiK6oA=",
            "dev": true
        }
    }
}